
Microsoft Visual Studio Solution File, Format Version 12.00
# Visual Studio 2012
Project("{FAE04EC0-301F-11D3-BF4B-00C04F79EFBC}") = "DNA_GAME", "DNA_GAME\DNA_GAME.csproj", "{227EDF5F-9998-46FE-A088-949A2BC0CDDE}"
EndProject
Global
	GlobalSection(SolutionConfigurationPlatforms) = preSolution
		Debug|Any CPU = Debug|Any CPU
		Release|Any CPU = Release|Any CPU
	EndGlobalSection
	GlobalSection(ProjectConfigurationPlatforms) = postSolution
		{227EDF5F-9998-46FE-A088-949A2BC0CDDE}.Debug|Any CPU.ActiveCfg = Debug|Any CPU
		{227EDF5F-9998-46FE-A088-949A2BC0CDDE}.Debug|Any CPU.Build.0 = Debug|Any CPU
		{227EDF5F-9998-46FE-A088-949A2BC0CDDE}.Release|Any CPU.ActiveCfg = Release|Any CPU
		{227EDF5F-9998-46FE-A088-949A2BC0CDDE}.Release|Any CPU.Build.0 = Release|Any CPU
	EndGlobalSection
	GlobalSection(SolutionProperties) = preSolution
		HideSolutionNode = FALSE
	EndGlobalSection
EndGlobal
